<Solution>
  <Project Path="Day01 - Secret Entrance/Day01 - Secret Entrance.csproj" />
  <Project Path="Day02 - Gift Shop/Day02 - Gift Shop.csproj" Id="d0a35752-fa54-4cfb-9f7b-15757f918dd9" />
  <Project Path="Helpers/Helpers.csproj" />
  <Project Path="Test/Test.csproj" Id="4f5aa61c-e525-4c17-a35b-7fbc1ab6cf89" />
</Solution>
