<Solution>
  <Project Path="Day01 - Secret Entrance/Day01 - Secret Entrance.csproj" />
  <Project Path="Day02 - Gift Shop/Day02 - Gift Shop.csproj" Id="d0a35752-fa54-4cfb-9f7b-15757f918dd9" />
  <Project Path="Day03 - Lobby/Day03 - Lobby.csproj" Id="bb3b02d2-64c6-4eda-9eda-254e48b946e8" />
  <Project Path="Day04 - Printing Department/Day04 - Printing Department.csproj" Id="a701cdaf-542a-46f7-a933-3cc0955e8035" />
  <Project Path="Day05 - Cafeteria/Day05 - Cafeteria.csproj" Id="16874b23-59f2-497f-b8bd-d1fd83bec8bd" />
  <Project Path="Day06 - Trash Compactor/Day06 - Trash Compactor.csproj" Id="121f54dd-edbe-430d-b434-85767ffadf3d" />
  <Project Path="Day07 - Laboratories/Day07 - Laboratories.csproj" Id="3c1cd9b5-9595-4c41-9ea8-ee1873402ed5" />
  <Project Path="Day08 - Playground/Day08 - Playground.csproj" Id="317c5603-ce53-459a-a836-d27530508475" />
  <Project Path="Day09 - Movie Theater/Day09 - Movie Theater.csproj" Id="f658343a-6fa6-4083-b069-1388ab7fa829" />
  <Project Path="Day10 - Factory/Day10 - Factory.csproj" Id="6cd88cdb-9ce2-4e41-bb82-d7f6f2ef0cf4" />
  <Project Path="Day11 - Reactor/Day11 - Reactor.csproj" Id="c055d65a-769b-4fdd-a54a-7597f192f5d0" />
  <Project Path="Helpers/Helpers.csproj" />
  <Project Path="Test/Test.csproj" Id="4f5aa61c-e525-4c17-a35b-7fbc1ab6cf89" />
</Solution>
